
Microsoft Visual Studio Solution File, Format Version 12.00
# Visual Studio Version 17
VisualStudioVersion = 17.0.31903.59
MinimumVisualStudioVersion = 10.0.40219.1
Project("{FAE04EC0-301F-11D3-BF4B-00C04F79EFBC}") = "SoPro24Team06.E2E", "SoPro24Team06.E2E.csproj", "{811B3D44-8079-40A0-AC1F-BAF62274561D}"
EndProject
Global
	GlobalSection(SolutionConfigurationPlatforms) = preSolution
		Debug|Any CPU = Debug|Any CPU
		Release|Any CPU = Release|Any CPU
	EndGlobalSection
	GlobalSection(SolutionProperties) = preSolution
		HideSolutionNode = FALSE
	EndGlobalSection
	GlobalSection(ProjectConfigurationPlatforms) = postSolution
		{811B3D44-8079-40A0-AC1F-BAF62274561D}.Debug|Any CPU.ActiveCfg = Debug|Any CPU
		{811B3D44-8079-40A0-AC1F-BAF62274561D}.Debug|Any CPU.Build.0 = Debug|Any CPU
		{811B3D44-8079-40A0-AC1F-BAF62274561D}.Release|Any CPU.ActiveCfg = Release|Any CPU
		{811B3D44-8079-40A0-AC1F-BAF62274561D}.Release|Any CPU.Build.0 = Release|Any CPU
	EndGlobalSection
EndGlobal
